
Microsoft Visual Studio Solution File, Format Version 12.00
# Visual Studio Version 17
VisualStudioVersion = 17.2.32616.157
MinimumVisualStudioVersion = 10.0.40219.1
Project("{FAE04EC0-301F-11D3-BF4B-00C04F79EFBC}") = "DataAccess", "DataAccess\DataAccess.csproj", "{234B5124-27FE-4242-BD9B-280AC25E3D74}"
EndProject
Project("{FAE04EC0-301F-11D3-BF4B-00C04F79EFBC}") = "Infrastructure", "Infrastructure\Infrastructure.csproj", "{A5520F4B-8B87-451D-A422-E42C6215E32C}"
EndProject
Project("{FAE04EC0-301F-11D3-BF4B-00C04F79EFBC}") = "MiniSIMCA", "MiniSIMCA\MiniSIMCA.csproj", "{393D4E95-9A77-45D3-AAE9-5054B9F4EFD8}"
EndProject
Global
	GlobalSection(SolutionConfigurationPlatforms) = preSolution
		Debug|Any CPU = Debug|Any CPU
		Release|Any CPU = Release|Any CPU
	EndGlobalSection
	GlobalSection(ProjectConfigurationPlatforms) = postSolution
		{234B5124-27FE-4242-BD9B-280AC25E3D74}.Debug|Any CPU.ActiveCfg = Debug|Any CPU
		{234B5124-27FE-4242-BD9B-280AC25E3D74}.Debug|Any CPU.Build.0 = Debug|Any CPU
		{234B5124-27FE-4242-BD9B-280AC25E3D74}.Release|Any CPU.ActiveCfg = Release|Any CPU
		{234B5124-27FE-4242-BD9B-280AC25E3D74}.Release|Any CPU.Build.0 = Release|Any CPU
		{A5520F4B-8B87-451D-A422-E42C6215E32C}.Debug|Any CPU.ActiveCfg = Debug|Any CPU
		{A5520F4B-8B87-451D-A422-E42C6215E32C}.Debug|Any CPU.Build.0 = Debug|Any CPU
		{A5520F4B-8B87-451D-A422-E42C6215E32C}.Release|Any CPU.ActiveCfg = Release|Any CPU
		{A5520F4B-8B87-451D-A422-E42C6215E32C}.Release|Any CPU.Build.0 = Release|Any CPU
		{393D4E95-9A77-45D3-AAE9-5054B9F4EFD8}.Debug|Any CPU.ActiveCfg = Debug|Any CPU
		{393D4E95-9A77-45D3-AAE9-5054B9F4EFD8}.Debug|Any CPU.Build.0 = Debug|Any CPU
		{393D4E95-9A77-45D3-AAE9-5054B9F4EFD8}.Release|Any CPU.ActiveCfg = Release|Any CPU
		{393D4E95-9A77-45D3-AAE9-5054B9F4EFD8}.Release|Any CPU.Build.0 = Release|Any CPU
	EndGlobalSection
	GlobalSection(SolutionProperties) = preSolution
		HideSolutionNode = FALSE
	EndGlobalSection
	GlobalSection(ExtensibilityGlobals) = postSolution
		SolutionGuid = {B9A461D8-EEA4-4444-B278-A5E3D69CEE16}
	EndGlobalSection
EndGlobal
